
Microsoft Visual Studio Solution File, Format Version 12.00
# Visual Studio 15
VisualStudioVersion = 15.0.28010.2050
MinimumVisualStudioVersion = 10.0.40219.1
Project("{9A19103F-16F7-4668-BE54-9A1E7A4F7556}") = "Example.IHostService", "Example.IHostService\Example.IHostService.csproj", "{6F2F27A4-05B1-4F68-AEB7-3A97EA034007}"
EndProject
Project("{9A19103F-16F7-4668-BE54-9A1E7A4F7556}") = "Example.Proto3", "Example.Proto3\Example.Proto3.csproj", "{B21365E4-D2F6-446A-988C-73DC0EA158C4}"
EndProject
Project("{9A19103F-16F7-4668-BE54-9A1E7A4F7556}") = "Example.NPOI", "Example.NPOI\Example.NPOI.csproj", "{C5002A51-4035-4047-AF01-B1AAD6D471A9}"
EndProject
Project("{9A19103F-16F7-4668-BE54-9A1E7A4F7556}") = "SDK", "..\SDK\SDK\SDK.csproj", "{B384DFAD-9462-4C79-97B5-29D5F4B58662}"
EndProject
Project("{9A19103F-16F7-4668-BE54-9A1E7A4F7556}") = "Example.Quartz", "Example.Quartz\Example.Quartz.csproj", "{B2916638-8D2B-4A1A-86BA-9CCEDEBDB3DF}"
EndProject
Project("{9A19103F-16F7-4668-BE54-9A1E7A4F7556}") = "Example.Upload", "Example.Upload\Example.Upload.csproj", "{2D3EDA9B-5E9F-46A5-94E2-ED00CBC58B53}"
EndProject
Project("{9A19103F-16F7-4668-BE54-9A1E7A4F7556}") = "Example.RSA", "Example.RSA\Example.RSA.csproj", "{A5994DED-80C9-4A26-A17C-25709C69E63A}"
EndProject
Project("{9A19103F-16F7-4668-BE54-9A1E7A4F7556}") = "Example.Canal", "Example.Canal\Example.Canal.csproj", "{492D5368-82E8-4C83-8300-7EE6DB295BDA}"
EndProject
Project("{9A19103F-16F7-4668-BE54-9A1E7A4F7556}") = "Example.Picture", "Example.Picture\Example.Picture.csproj", "{9398B0CF-D049-48CF-B300-0CBFEF429AE9}"
EndProject
Project("{9A19103F-16F7-4668-BE54-9A1E7A4F7556}") = "Example.Zookeeper", "Example.Zookeeper\Example.Zookeeper.csproj", "{5D89B975-E938-43F5-B3F6-DB2120F822AE}"
EndProject
Project("{FAE04EC0-301F-11D3-BF4B-00C04F79EFBC}") = "Example.Zookeeper.FK", "Example.Zookeeper.FK\Example.Zookeeper.FK.csproj", "{9C0CA1A4-E496-4889-8DB7-A30ED021CD15}"
EndProject
Project("{2150E333-8FDC-42A3-9474-1A3956D46DE8}") = "RabbitMQ", "RabbitMQ", "{8372E9A9-7233-4F4C-8C8D-DE6F2B243E1A}"
EndProject
Project("{9A19103F-16F7-4668-BE54-9A1E7A4F7556}") = "RabbitMQ.Produce", "RabbitMQ.Produce\RabbitMQ.Produce.csproj", "{AF2E923A-39FF-49F9-AA48-7A6FCFC77769}"
EndProject
Project("{9A19103F-16F7-4668-BE54-9A1E7A4F7556}") = "RabbitMQ.Consume", "RabbitMQ.Consume\RabbitMQ.Consume.csproj", "{66417DF7-140F-4F05-ABF0-B67833D2E93B}"
EndProject
Project("{9A19103F-16F7-4668-BE54-9A1E7A4F7556}") = "Example.Sort", "Example.Sort\Example.Sort.csproj", "{0343D9A3-5CED-48A5-B22A-C9A7FE73B81A}"
EndProject
Project("{2150E333-8FDC-42A3-9474-1A3956D46DE8}") = "Consul", "Consul", "{8AFA818D-9026-404B-B420-F91FB133C0F3}"
EndProject
Project("{9A19103F-16F7-4668-BE54-9A1E7A4F7556}") = "Example.Consul.Client", "Example.Consul.Client\Example.Consul.Client.csproj", "{03C878F9-C184-481F-93B0-68BEBAE4E09E}"
EndProject
Project("{9A19103F-16F7-4668-BE54-9A1E7A4F7556}") = "Example.Consul.ServiceA", "Example.Consul.ServiceA\Example.Consul.ServiceA.csproj", "{DDF24B61-37DC-4795-9F5B-63B76A7A4D30}"
EndProject
Project("{9A19103F-16F7-4668-BE54-9A1E7A4F7556}") = "Example.Consul.ServiceB", "Example.Consul.ServiceB\Example.Consul.ServiceB.csproj", "{24EE9707-76C6-413C-9515-1454C427C57F}"
EndProject
Project("{2150E333-8FDC-42A3-9474-1A3956D46DE8}") = "Ocelot", "Ocelot", "{1A7FB47F-812C-48DF-975C-B46B8A49CC82}"
EndProject
Project("{FAE04EC0-301F-11D3-BF4B-00C04F79EFBC}") = "ApiGateway", "ApiGateway\ApiGateway.csproj", "{8629CFA8-02F6-4F2F-A058-EC5EA00852C6}"
EndProject
Global
	GlobalSection(SolutionConfigurationPlatforms) = preSolution
		Debug|Any CPU = Debug|Any CPU
		Release|Any CPU = Release|Any CPU
	EndGlobalSection
	GlobalSection(ProjectConfigurationPlatforms) = postSolution
		{6F2F27A4-05B1-4F68-AEB7-3A97EA034007}.Debug|Any CPU.ActiveCfg = Debug|Any CPU
		{6F2F27A4-05B1-4F68-AEB7-3A97EA034007}.Debug|Any CPU.Build.0 = Debug|Any CPU
		{6F2F27A4-05B1-4F68-AEB7-3A97EA034007}.Release|Any CPU.ActiveCfg = Release|Any CPU
		{6F2F27A4-05B1-4F68-AEB7-3A97EA034007}.Release|Any CPU.Build.0 = Release|Any CPU
		{B21365E4-D2F6-446A-988C-73DC0EA158C4}.Debug|Any CPU.ActiveCfg = Debug|Any CPU
		{B21365E4-D2F6-446A-988C-73DC0EA158C4}.Debug|Any CPU.Build.0 = Debug|Any CPU
		{B21365E4-D2F6-446A-988C-73DC0EA158C4}.Release|Any CPU.ActiveCfg = Release|Any CPU
		{B21365E4-D2F6-446A-988C-73DC0EA158C4}.Release|Any CPU.Build.0 = Release|Any CPU
		{C5002A51-4035-4047-AF01-B1AAD6D471A9}.Debug|Any CPU.ActiveCfg = Debug|Any CPU
		{C5002A51-4035-4047-AF01-B1AAD6D471A9}.Debug|Any CPU.Build.0 = Debug|Any CPU
		{C5002A51-4035-4047-AF01-B1AAD6D471A9}.Release|Any CPU.ActiveCfg = Release|Any CPU
		{C5002A51-4035-4047-AF01-B1AAD6D471A9}.Release|Any CPU.Build.0 = Release|Any CPU
		{B384DFAD-9462-4C79-97B5-29D5F4B58662}.Debug|Any CPU.ActiveCfg = Debug|Any CPU
		{B384DFAD-9462-4C79-97B5-29D5F4B58662}.Debug|Any CPU.Build.0 = Debug|Any CPU
		{B384DFAD-9462-4C79-97B5-29D5F4B58662}.Release|Any CPU.ActiveCfg = Release|Any CPU
		{B384DFAD-9462-4C79-97B5-29D5F4B58662}.Release|Any CPU.Build.0 = Release|Any CPU
		{B2916638-8D2B-4A1A-86BA-9CCEDEBDB3DF}.Debug|Any CPU.ActiveCfg = Debug|Any CPU
		{B2916638-8D2B-4A1A-86BA-9CCEDEBDB3DF}.Debug|Any CPU.Build.0 = Debug|Any CPU
		{B2916638-8D2B-4A1A-86BA-9CCEDEBDB3DF}.Release|Any CPU.ActiveCfg = Release|Any CPU
		{B2916638-8D2B-4A1A-86BA-9CCEDEBDB3DF}.Release|Any CPU.Build.0 = Release|Any CPU
		{2D3EDA9B-5E9F-46A5-94E2-ED00CBC58B53}.Debug|Any CPU.ActiveCfg = Debug|Any CPU
		{2D3EDA9B-5E9F-46A5-94E2-ED00CBC58B53}.Debug|Any CPU.Build.0 = Debug|Any CPU
		{2D3EDA9B-5E9F-46A5-94E2-ED00CBC58B53}.Release|Any CPU.ActiveCfg = Release|Any CPU
		{2D3EDA9B-5E9F-46A5-94E2-ED00CBC58B53}.Release|Any CPU.Build.0 = Release|Any CPU
		{A5994DED-80C9-4A26-A17C-25709C69E63A}.Debug|Any CPU.ActiveCfg = Debug|Any CPU
		{A5994DED-80C9-4A26-A17C-25709C69E63A}.Debug|Any CPU.Build.0 = Debug|Any CPU
		{A5994DED-80C9-4A26-A17C-25709C69E63A}.Release|Any CPU.ActiveCfg = Release|Any CPU
		{A5994DED-80C9-4A26-A17C-25709C69E63A}.Release|Any CPU.Build.0 = Release|Any CPU
		{492D5368-82E8-4C83-8300-7EE6DB295BDA}.Debug|Any CPU.ActiveCfg = Debug|Any CPU
		{492D5368-82E8-4C83-8300-7EE6DB295BDA}.Debug|Any CPU.Build.0 = Debug|Any CPU
		{492D5368-82E8-4C83-8300-7EE6DB295BDA}.Release|Any CPU.ActiveCfg = Release|Any CPU
		{492D5368-82E8-4C83-8300-7EE6DB295BDA}.Release|Any CPU.Build.0 = Release|Any CPU
		{9398B0CF-D049-48CF-B300-0CBFEF429AE9}.Debug|Any CPU.ActiveCfg = Debug|Any CPU
		{9398B0CF-D049-48CF-B300-0CBFEF429AE9}.Debug|Any CPU.Build.0 = Debug|Any CPU
		{9398B0CF-D049-48CF-B300-0CBFEF429AE9}.Release|Any CPU.ActiveCfg = Release|Any CPU
		{9398B0CF-D049-48CF-B300-0CBFEF429AE9}.Release|Any CPU.Build.0 = Release|Any CPU
		{5D89B975-E938-43F5-B3F6-DB2120F822AE}.Debug|Any CPU.ActiveCfg = Debug|Any CPU
		{5D89B975-E938-43F5-B3F6-DB2120F822AE}.Debug|Any CPU.Build.0 = Debug|Any CPU
		{5D89B975-E938-43F5-B3F6-DB2120F822AE}.Release|Any CPU.ActiveCfg = Release|Any CPU
		{5D89B975-E938-43F5-B3F6-DB2120F822AE}.Release|Any CPU.Build.0 = Release|Any CPU
		{9C0CA1A4-E496-4889-8DB7-A30ED021CD15}.Debug|Any CPU.ActiveCfg = Debug|Any CPU
		{9C0CA1A4-E496-4889-8DB7-A30ED021CD15}.Debug|Any CPU.Build.0 = Debug|Any CPU
		{9C0CA1A4-E496-4889-8DB7-A30ED021CD15}.Release|Any CPU.ActiveCfg = Release|Any CPU
		{9C0CA1A4-E496-4889-8DB7-A30ED021CD15}.Release|Any CPU.Build.0 = Release|Any CPU
		{AF2E923A-39FF-49F9-AA48-7A6FCFC77769}.Debug|Any CPU.ActiveCfg = Debug|Any CPU
		{AF2E923A-39FF-49F9-AA48-7A6FCFC77769}.Debug|Any CPU.Build.0 = Debug|Any CPU
		{AF2E923A-39FF-49F9-AA48-7A6FCFC77769}.Release|Any CPU.ActiveCfg = Release|Any CPU
		{AF2E923A-39FF-49F9-AA48-7A6FCFC77769}.Release|Any CPU.Build.0 = Release|Any CPU
		{66417DF7-140F-4F05-ABF0-B67833D2E93B}.Debug|Any CPU.ActiveCfg = Debug|Any CPU
		{66417DF7-140F-4F05-ABF0-B67833D2E93B}.Debug|Any CPU.Build.0 = Debug|Any CPU
		{66417DF7-140F-4F05-ABF0-B67833D2E93B}.Release|Any CPU.ActiveCfg = Release|Any CPU
		{66417DF7-140F-4F05-ABF0-B67833D2E93B}.Release|Any CPU.Build.0 = Release|Any CPU
		{0343D9A3-5CED-48A5-B22A-C9A7FE73B81A}.Debug|Any CPU.ActiveCfg = Debug|Any CPU
		{0343D9A3-5CED-48A5-B22A-C9A7FE73B81A}.Debug|Any CPU.Build.0 = Debug|Any CPU
		{0343D9A3-5CED-48A5-B22A-C9A7FE73B81A}.Release|Any CPU.ActiveCfg = Release|Any CPU
		{0343D9A3-5CED-48A5-B22A-C9A7FE73B81A}.Release|Any CPU.Build.0 = Release|Any CPU
		{03C878F9-C184-481F-93B0-68BEBAE4E09E}.Debug|Any CPU.ActiveCfg = Debug|Any CPU
		{03C878F9-C184-481F-93B0-68BEBAE4E09E}.Debug|Any CPU.Build.0 = Debug|Any CPU
		{03C878F9-C184-481F-93B0-68BEBAE4E09E}.Release|Any CPU.ActiveCfg = Release|Any CPU
		{03C878F9-C184-481F-93B0-68BEBAE4E09E}.Release|Any CPU.Build.0 = Release|Any CPU
		{DDF24B61-37DC-4795-9F5B-63B76A7A4D30}.Debug|Any CPU.ActiveCfg = Debug|Any CPU
		{DDF24B61-37DC-4795-9F5B-63B76A7A4D30}.Debug|Any CPU.Build.0 = Debug|Any CPU
		{DDF24B61-37DC-4795-9F5B-63B76A7A4D30}.Release|Any CPU.ActiveCfg = Release|Any CPU
		{DDF24B61-37DC-4795-9F5B-63B76A7A4D30}.Release|Any CPU.Build.0 = Release|Any CPU
		{24EE9707-76C6-413C-9515-1454C427C57F}.Debug|Any CPU.ActiveCfg = Debug|Any CPU
		{24EE9707-76C6-413C-9515-1454C427C57F}.Debug|Any CPU.Build.0 = Debug|Any CPU
		{24EE9707-76C6-413C-9515-1454C427C57F}.Release|Any CPU.ActiveCfg = Release|Any CPU
		{24EE9707-76C6-413C-9515-1454C427C57F}.Release|Any CPU.Build.0 = Release|Any CPU
		{8629CFA8-02F6-4F2F-A058-EC5EA00852C6}.Debug|Any CPU.ActiveCfg = Debug|Any CPU
		{8629CFA8-02F6-4F2F-A058-EC5EA00852C6}.Debug|Any CPU.Build.0 = Debug|Any CPU
		{8629CFA8-02F6-4F2F-A058-EC5EA00852C6}.Release|Any CPU.ActiveCfg = Release|Any CPU
		{8629CFA8-02F6-4F2F-A058-EC5EA00852C6}.Release|Any CPU.Build.0 = Release|Any CPU
	EndGlobalSection
	GlobalSection(SolutionProperties) = preSolution
		HideSolutionNode = FALSE
	EndGlobalSection
	GlobalSection(NestedProjects) = preSolution
		{AF2E923A-39FF-49F9-AA48-7A6FCFC77769} = {8372E9A9-7233-4F4C-8C8D-DE6F2B243E1A}
		{66417DF7-140F-4F05-ABF0-B67833D2E93B} = {8372E9A9-7233-4F4C-8C8D-DE6F2B243E1A}
		{03C878F9-C184-481F-93B0-68BEBAE4E09E} = {8AFA818D-9026-404B-B420-F91FB133C0F3}
		{DDF24B61-37DC-4795-9F5B-63B76A7A4D30} = {8AFA818D-9026-404B-B420-F91FB133C0F3}
		{24EE9707-76C6-413C-9515-1454C427C57F} = {8AFA818D-9026-404B-B420-F91FB133C0F3}
		{8629CFA8-02F6-4F2F-A058-EC5EA00852C6} = {1A7FB47F-812C-48DF-975C-B46B8A49CC82}
	EndGlobalSection
	GlobalSection(ExtensibilityGlobals) = postSolution
		SolutionGuid = {04CD75A4-3E55-45C0-BE6F-B559A2F2AB1A}
	EndGlobalSection
EndGlobal
